
Microsoft Visual Studio Solution File, Format Version 12.00
# Visual Studio Version 17
VisualStudioVersion = 17.5.002.0
MinimumVisualStudioVersion = 10.0.40219.1
Project("{9A19103F-16F7-4668-BE54-9A1E7A4F7556}") = "AoL_HCI_Backend", "AoL_HCI_Backend.csproj", "{AD12FE54-4EDA-4CEF-B953-1C203435EB72}"
EndProject
Global
	GlobalSection(SolutionConfigurationPlatforms) = preSolution
		Debug|Any CPU = Debug|Any CPU
		Release|Any CPU = Release|Any CPU
	EndGlobalSection
	GlobalSection(ProjectConfigurationPlatforms) = postSolution
		{AD12FE54-4EDA-4CEF-B953-1C203435EB72}.Debug|Any CPU.ActiveCfg = Debug|Any CPU
		{AD12FE54-4EDA-4CEF-B953-1C203435EB72}.Debug|Any CPU.Build.0 = Debug|Any CPU
		{AD12FE54-4EDA-4CEF-B953-1C203435EB72}.Release|Any CPU.ActiveCfg = Release|Any CPU
		{AD12FE54-4EDA-4CEF-B953-1C203435EB72}.Release|Any CPU.Build.0 = Release|Any CPU
	EndGlobalSection
	GlobalSection(SolutionProperties) = preSolution
		HideSolutionNode = FALSE
	EndGlobalSection
	GlobalSection(ExtensibilityGlobals) = postSolution
		SolutionGuid = {4AA0E187-576E-42E4-89C5-38F787C989EF}
	EndGlobalSection
EndGlobal
